
Microsoft Visual Studio Solution File, Format Version 12.00
# Visual Studio 15
VisualStudioVersion = 15.0.27703.2000
MinimumVisualStudioVersion = 10.0.40219.1
Project("{FAE04EC0-301F-11D3-BF4B-00C04F79EFBC}") = "ConferenceBot", "ConferenceBot\ConferenceBot.csproj", "{FF4D3290-79B1-4AA7-9A84-AA62B6F51BDA}"
EndProject
Global
	GlobalSection(SolutionConfigurationPlatforms) = preSolution
		Debug|Any CPU = Debug|Any CPU
		Release|Any CPU = Release|Any CPU
	EndGlobalSection
	GlobalSection(ProjectConfigurationPlatforms) = postSolution
		{FF4D3290-79B1-4AA7-9A84-AA62B6F51BDA}.Debug|Any CPU.ActiveCfg = Debug|Any CPU
		{FF4D3290-79B1-4AA7-9A84-AA62B6F51BDA}.Debug|Any CPU.Build.0 = Debug|Any CPU
		{FF4D3290-79B1-4AA7-9A84-AA62B6F51BDA}.Release|Any CPU.ActiveCfg = Release|Any CPU
		{FF4D3290-79B1-4AA7-9A84-AA62B6F51BDA}.Release|Any CPU.Build.0 = Release|Any CPU
	EndGlobalSection
	GlobalSection(SolutionProperties) = preSolution
		HideSolutionNode = FALSE
	EndGlobalSection
	GlobalSection(ExtensibilityGlobals) = postSolution
		SolutionGuid = {7037CCA4-015B-472A-B4BC-AE29BE555340}
	EndGlobalSection
EndGlobal
